
Microsoft Visual Studio Solution File, Format Version 12.00
# Visual Studio Version 16
VisualStudioVersion = 16.0.31729.503
MinimumVisualStudioVersion = 10.0.40219.1
Project("{FAE04EC0-301F-11D3-BF4B-00C04F79EFBC}") = "LeaningCsharp", "LeaningCsharp.csproj", "{A35EB7F9-1666-419B-9859-12FBD3259AD1}"
EndProject
Global
	GlobalSection(SolutionConfigurationPlatforms) = preSolution
		Debug|Any CPU = Debug|Any CPU
		Release|Any CPU = Release|Any CPU
	EndGlobalSection
	GlobalSection(ProjectConfigurationPlatforms) = postSolution
		{A35EB7F9-1666-419B-9859-12FBD3259AD1}.Debug|Any CPU.ActiveCfg = Debug|Any CPU
		{A35EB7F9-1666-419B-9859-12FBD3259AD1}.Debug|Any CPU.Build.0 = Debug|Any CPU
		{A35EB7F9-1666-419B-9859-12FBD3259AD1}.Release|Any CPU.ActiveCfg = Release|Any CPU
		{A35EB7F9-1666-419B-9859-12FBD3259AD1}.Release|Any CPU.Build.0 = Release|Any CPU
	EndGlobalSection
	GlobalSection(SolutionProperties) = preSolution
		HideSolutionNode = FALSE
	EndGlobalSection
	GlobalSection(ExtensibilityGlobals) = postSolution
		SolutionGuid = {BC11635A-0A11-41B3-AF09-19F033191600}
	EndGlobalSection
EndGlobal
